<?xml version="1.0" encoding="UTF-8"?>
<!DOCTYPE plist PUBLIC "-//Apple//DTD PLIST 1.0//EN" "http://www.apple.com/DTDs/PropertyList-1.0.dtd">
<plist version="1.0">
<dict>
	<key>archiveVersion</key>
	<string>1</string>
	<key>classes</key>
	<dict/>
	<key>objectVersion</key>
	<string>46</string>
	<key>objects</key>
	<dict>
		<key>0064DDF0B2574B2C53ECEBA8</key>
		<dict>
			<key>buildActionMask</key>
			<string>2147483647</string>
			<key>files</key>
			<array/>
			<key>inputPaths</key>
			<array/>
			<key>isa</key>
			<string>PBXShellScriptBuildPhase</string>
			<key>name</key>
			<string>Copy Pods Resources</string>
			<key>outputPaths</key>
			<array/>
			<key>runOnlyForDeploymentPostprocessing</key>
			<string>0</string>
			<key>shellPath</key>
			<string>/bin/sh</string>
			<key>shellScript</key>
			<string>"${SRCROOT}/Pods/Target Support Files/Pods/Pods-resources.sh"
</string>
			<key>showEnvVarsInLog</key>
			<string>0</string>
		</dict>
		<key>1C765C9DFD08D59CEF38E4A8</key>
		<dict>
			<key>explicitFileType</key>
			<string>archive.ar</string>
			<key>includeInIndex</key>
			<string>0</string>
			<key>isa</key>
			<string>PBXFileReference</string>
			<key>path</key>
			<string>libPods.a</string>
			<key>sourceTree</key>
			<string>BUILT_PRODUCTS_DIR</string>
		</dict>
		<key>4544C2238D1EBADC4FD8A65B</key>
		<dict>
			<key>buildActionMask</key>
			<string>2147483647</string>
			<key>files</key>
			<array/>
			<key>inputPaths</key>
			<array/>
			<key>isa</key>
			<string>PBXShellScriptBuildPhase</string>
			<key>name</key>
			<string>Copy Pods Resources</string>
			<key>outputPaths</key>
			<array/>
			<key>runOnlyForDeploymentPostprocessing</key>
			<string>0</string>
			<key>shellPath</key>
			<string>/bin/sh</string>
			<key>shellScript</key>
			<string>"${SRCROOT}/Pods/Target Support Files/Pods/Pods-resources.sh"
</string>
			<key>showEnvVarsInLog</key>
			<string>0</string>
		</dict>
		<key>4E9BD2258439E3FE43DAA8A4</key>
		<dict>
			<key>fileRef</key>
			<string>1C765C9DFD08D59CEF38E4A8</string>
			<key>isa</key>
			<string>PBXBuildFile</string>
		</dict>
		<key>80B36D4CAE434D43EFD5EDAF</key>
		<dict>
			<key>fileRef</key>
			<string>1C765C9DFD08D59CEF38E4A8</string>
			<key>isa</key>
			<string>PBXBuildFile</string>
		</dict>
		<key>9DCA49EAFC7CE687D383928C</key>
		<dict>
			<key>buildActionMask</key>
			<string>2147483647</string>
			<key>files</key>
			<array/>
			<key>inputPaths</key>
			<array/>
			<key>isa</key>
			<string>PBXShellScriptBuildPhase</string>
			<key>name</key>
			<string>Check Pods Manifest.lock</string>
			<key>outputPaths</key>
			<array/>
			<key>runOnlyForDeploymentPostprocessing</key>
			<string>0</string>
			<key>shellPath</key>
			<string>/bin/sh</string>
			<key>shellScript</key>
			<string>diff "${PODS_ROOT}/../Podfile.lock" "${PODS_ROOT}/Manifest.lock" &gt; /dev/null
if [[ $? != 0 ]] ; then
    cat &lt;&lt; EOM
error: The sandbox is not in sync with the Podfile.lock. Run 'pod install' or update your CocoaPods installation.
EOM
    exit 1
fi
</string>
			<key>showEnvVarsInLog</key>
			<string>0</string>
		</dict>
		<key>A3164CDB1AAF63240004C546</key>
		<dict>
			<key>isa</key>
			<string>PBXFileReference</string>
			<key>lastKnownFileType</key>
			<string>sourcecode.c.h</string>
			<key>path</key>
			<string>ScaryBugTests.h</string>
			<key>sourceTree</key>
			<string>&lt;group&gt;</string>
		</dict>
		<key>A3164CDC1AAF64C80004C546</key>
		<dict>
			<key>fileRef</key>
			<string>A3164CDB1AAF63240004C546</string>
			<key>isa</key>
			<string>PBXBuildFile</string>
		</dict>
		<key>A3711FA51979CDEB00328381</key>
		<dict>
			<key>children</key>
			<array>
				<string>A3711FF4197C678500328381</string>
				<string>A3711FB71979CDEB00328381</string>
				<string>A3711FDC1979CDEB00328381</string>
				<string>A3711FB01979CDEB00328381</string>
				<string>A3711FAF1979CDEB00328381</string>
				<string>E03ACA5C02C472B13F3C63D6</string>
			</array>
			<key>isa</key>
			<string>PBXGroup</string>
			<key>sourceTree</key>
			<string>&lt;group&gt;</string>
		</dict>
		<key>A3711FA61979CDEB00328381</key>
		<dict>
			<key>attributes</key>
			<dict>
				<key>LastUpgradeCheck</key>
				<string>0510</string>
				<key>ORGANIZATIONNAME</key>
				<string>___FULLUSERNAME___</string>
				<key>TargetAttributes</key>
				<dict>
					<key>A3711FD41979CDEB00328381</key>
					<dict>
						<key>TestTargetID</key>
						<string>A3711FAD1979CDEB00328381</string>
					</dict>
				</dict>
			</dict>
			<key>buildConfigurationList</key>
			<string>A3711FA91979CDEB00328381</string>
			<key>compatibilityVersion</key>
			<string>Xcode 3.2</string>
			<key>developmentRegion</key>
			<string>English</string>
			<key>hasScannedForEncodings</key>
			<string>0</string>
			<key>isa</key>
			<string>PBXProject</string>
			<key>knownRegions</key>
			<array>
				<string>en</string>
				<string>Base</string>
			</array>
			<key>mainGroup</key>
			<string>A3711FA51979CDEB00328381</string>
			<key>productRefGroup</key>
			<string>A3711FAF1979CDEB00328381</string>
			<key>projectDirPath</key>
			<string></string>
			<key>projectReferences</key>
			<array/>
			<key>projectRoot</key>
			<string></string>
			<key>targets</key>
			<array>
				<string>A3711FAD1979CDEB00328381</string>
				<string>A3711FD41979CDEB00328381</string>
			</array>
		</dict>
		<key>A3711FA91979CDEB00328381</key>
		<dict>
			<key>buildConfigurations</key>
			<array>
				<string>A3711FE41979CDEB00328381</string>
				<string>A3711FE51979CDEB00328381</string>
			</array>
			<key>defaultConfigurationIsVisible</key>
			<string>0</string>
			<key>defaultConfigurationName</key>
			<string>Release</string>
			<key>isa</key>
			<string>XCConfigurationList</string>
		</dict>
		<key>A3711FAA1979CDEB00328381</key>
		<dict>
			<key>buildActionMask</key>
			<string>2147483647</string>
			<key>files</key>
			<array>
				<string>A371200A197D821100328381</string>
				<string>A3711FF01979D1F600328381</string>
				<string>A371200E197D823A00328381</string>
				<string>A3711FC21979CDEB00328381</string>
				<string>A3711FCB1979CDEB00328381</string>
				<string>A3711FBE1979CDEB00328381</string>
				<string>A3711FF31979D3A000328381</string>
				<string>A3711FCE1979CDEB00328381</string>
			</array>
			<key>isa</key>
			<string>PBXSourcesBuildPhase</string>
			<key>runOnlyForDeploymentPostprocessing</key>
			<string>0</string>
		</dict>
		<key>A3711FAB1979CDEB00328381</key>
		<dict>
			<key>buildActionMask</key>
			<string>2147483647</string>
			<key>files</key>
			<array>
				<string>A3711FB41979CDEB00328381</string>
				<string>A3711FB61979CDEB00328381</string>
				<string>A3711FB21979CDEB00328381</string>
				<string>4E9BD2258439E3FE43DAA8A4</string>
			</array>
			<key>isa</key>
			<string>PBXFrameworksBuildPhase</string>
			<key>runOnlyForDeploymentPostprocessing</key>
			<string>0</string>
		</dict>
		<key>A3711FAC1979CDEB00328381</key>
		<dict>
			<key>buildActionMask</key>
			<string>2147483647</string>
			<key>files</key>
			<array>
				<string>A3712005197C678500328381</string>
				<string>A3711FC81979CDEB00328381</string>
				<string>A3711FD01979CDEB00328381</string>
				<string>A3712013197D826000328381</string>
				<string>A3712015197D826000328381</string>
				<string>A3712001197C678500328381</string>
				<string>A3712003197C678500328381</string>
				<string>A3711FC51979CDEB00328381</string>
				<string>A3712006197C678500328381</string>
				<string>A3712017197D827600328381</string>
				<string>A3711FFF197C678500328381</string>
				<string>A3712004197C678500328381</string>
				<string>A3712000197C678500328381</string>
				<string>A3712002197C678500328381</string>
				<string>A3712014197D826000328381</string>
				<string>A3711FBC1979CDEB00328381</string>
				<string>A3711FFE197C678500328381</string>
			</array>
			<key>isa</key>
			<string>PBXResourcesBuildPhase</string>
			<key>runOnlyForDeploymentPostprocessing</key>
			<string>0</string>
		</dict>
		<key>A3711FAD1979CDEB00328381</key>
		<dict>
			<key>buildConfigurationList</key>
			<string>A3711FE61979CDEB00328381</string>
			<key>buildPhases</key>
			<array>
				<string>9DCA49EAFC7CE687D383928C</string>
				<string>A3711FAA1979CDEB00328381</string>
				<string>A3711FAB1979CDEB00328381</string>
				<string>A3711FAC1979CDEB00328381</string>
				<string>4544C2238D1EBADC4FD8A65B</string>
			</array>
			<key>buildRules</key>
			<array/>
			<key>dependencies</key>
			<array/>
			<key>isa</key>
			<string>PBXNativeTarget</string>
			<key>name</key>
			<string>ScaryBug</string>
			<key>productName</key>
			<string>ScaryBug</string>
			<key>productReference</key>
			<string>A3711FAE1979CDEB00328381</string>
			<key>productType</key>
			<string>com.apple.product-type.application</string>
		</dict>
		<key>A3711FAE1979CDEB00328381</key>
		<dict>
			<key>explicitFileType</key>
			<string>wrapper.application</string>
			<key>includeInIndex</key>
			<string>0</string>
			<key>isa</key>
			<string>PBXFileReference</string>
			<key>path</key>
			<string>ScaryBug.app</string>
			<key>sourceTree</key>
			<string>BUILT_PRODUCTS_DIR</string>
		</dict>
		<key>A3711FAF1979CDEB00328381</key>
		<dict>
			<key>children</key>
			<array>
				<string>A3711FAE1979CDEB00328381</string>
				<string>A3711FD51979CDEB00328381</string>
			</array>
			<key>isa</key>
			<string>PBXGroup</string>
			<key>name</key>
			<string>Products</string>
			<key>sourceTree</key>
			<string>&lt;group&gt;</string>
		</dict>
		<key>A3711FB01979CDEB00328381</key>
		<dict>
			<key>children</key>
			<array>
				<string>A3711FB11979CDEB00328381</string>
				<string>A3711FB31979CDEB00328381</string>
				<string>A3711FB51979CDEB00328381</string>
				<string>A3711FD61979CDEB00328381</string>
				<string>1C765C9DFD08D59CEF38E4A8</string>
			</array>
			<key>isa</key>
			<string>PBXGroup</string>
			<key>name</key>
			<string>Frameworks</string>
			<key>sourceTree</key>
			<string>&lt;group&gt;</string>
		</dict>
		<key>A3711FB11979CDEB00328381</key>
		<dict>
			<key>isa</key>
			<string>PBXFileReference</string>
			<key>lastKnownFileType</key>
			<string>wrapper.framework</string>
			<key>name</key>
			<string>Foundation.framework</string>
			<key>path</key>
			<string>System/Library/Frameworks/Foundation.framework</string>
			<key>sourceTree</key>
			<string>SDKROOT</string>
		</dict>
		<key>A3711FB21979CDEB00328381</key>
		<dict>
			<key>fileRef</key>
			<string>A3711FB11979CDEB00328381</string>
			<key>isa</key>
			<string>PBXBuildFile</string>
		</dict>
		<key>A3711FB31979CDEB00328381</key>
		<dict>
			<key>isa</key>
			<string>PBXFileReference</string>
			<key>lastKnownFileType</key>
			<string>wrapper.framework</string>
			<key>name</key>
			<string>CoreGraphics.framework</string>
			<key>path</key>
			<string>System/Library/Frameworks/CoreGraphics.framework</string>
			<key>sourceTree</key>
			<string>SDKROOT</string>
		</dict>
		<key>A3711FB41979CDEB00328381</key>
		<dict>
			<key>fileRef</key>
			<string>A3711FB31979CDEB00328381</string>
			<key>isa</key>
			<string>PBXBuildFile</string>
		</dict>
		<key>A3711FB51979CDEB00328381</key>
		<dict>
			<key>isa</key>
			<string>PBXFileReference</string>
			<key>lastKnownFileType</key>
			<string>wrapper.framework</string>
			<key>name</key>
			<string>UIKit.framework</string>
			<key>path</key>
			<string>System/Library/Frameworks/UIKit.framework</string>
			<key>sourceTree</key>
			<string>SDKROOT</string>
		</dict>
		<key>A3711FB61979CDEB00328381</key>
		<dict>
			<key>fileRef</key>
			<string>A3711FB51979CDEB00328381</string>
			<key>isa</key>
			<string>PBXBuildFile</string>
		</dict>
		<key>A3711FB71979CDEB00328381</key>
		<dict>
			<key>children</key>
			<array>
				<string>A371200F197D825600328381</string>
				<string>A371200B197D822400328381</string>
				<string>A3712007197D81FB00328381</string>
				<string>A3711FED1979D19C00328381</string>
				<string>A3711FEC1979CFD300328381</string>
				<string>A3711FCF1979CDEB00328381</string>
				<string>A3711FB81979CDEB00328381</string>
			</array>
			<key>isa</key>
			<string>PBXGroup</string>
			<key>path</key>
			<string>ScaryBug</string>
			<key>sourceTree</key>
			<string>&lt;group&gt;</string>
		</dict>
		<key>A3711FB81979CDEB00328381</key>
		<dict>
			<key>children</key>
			<array>
				<string>A3711FB91979CDEB00328381</string>
				<string>A3711FBA1979CDEB00328381</string>
				<string>A3711FBD1979CDEB00328381</string>
				<string>A3711FBF1979CDEB00328381</string>
			</array>
			<key>isa</key>
			<string>PBXGroup</string>
			<key>name</key>
			<string>Supporting Files</string>
			<key>sourceTree</key>
			<string>&lt;group&gt;</string>
		</dict>
		<key>A3711FB91979CDEB00328381</key>
		<dict>
			<key>isa</key>
			<string>PBXFileReference</string>
			<key>lastKnownFileType</key>
			<string>text.plist.xml</string>
			<key>path</key>
			<string>ScaryBug-Info.plist</string>
			<key>sourceTree</key>
			<string>&lt;group&gt;</string>
		</dict>
		<key>A3711FBA1979CDEB00328381</key>
		<dict>
			<key>children</key>
			<array>
				<string>A3711FBB1979CDEB00328381</string>
			</array>
			<key>isa</key>
			<string>PBXVariantGroup</string>
			<key>name</key>
			<string>InfoPlist.strings</string>
			<key>sourceTree</key>
			<string>&lt;group&gt;</string>
		</dict>
		<key>A3711FBB1979CDEB00328381</key>
		<dict>
			<key>isa</key>
			<string>PBXFileReference</string>
			<key>lastKnownFileType</key>
			<string>text.plist.strings</string>
			<key>name</key>
			<string>en</string>
			<key>path</key>
			<string>en.lproj/InfoPlist.strings</string>
			<key>sourceTree</key>
			<string>&lt;group&gt;</string>
		</dict>
		<key>A3711FBC1979CDEB00328381</key>
		<dict>
			<key>fileRef</key>
			<string>A3711FBA1979CDEB00328381</string>
			<key>isa</key>
			<string>PBXBuildFile</string>
		</dict>
		<key>A3711FBD1979CDEB00328381</key>
		<dict>
			<key>isa</key>
			<string>PBXFileReference</string>
			<key>lastKnownFileType</key>
			<string>sourcecode.c.objc</string>
			<key>path</key>
			<string>main.m</string>
			<key>sourceTree</key>
			<string>&lt;group&gt;</string>
		</dict>
		<key>A3711FBE1979CDEB00328381</key>
		<dict>
			<key>fileRef</key>
			<string>A3711FBD1979CDEB00328381</string>
			<key>isa</key>
			<string>PBXBuildFile</string>
		</dict>
		<key>A3711FBF1979CDEB00328381</key>
		<dict>
			<key>isa</key>
			<string>PBXFileReference</string>
			<key>lastKnownFileType</key>
			<string>sourcecode.c.h</string>
			<key>path</key>
			<string>ScaryBug-Prefix.pch</string>
			<key>sourceTree</key>
			<string>&lt;group&gt;</string>
		</dict>
		<key>A3711FC01979CDEB00328381</key>
		<dict>
			<key>isa</key>
			<string>PBXFileReference</string>
			<key>lastKnownFileType</key>
			<string>sourcecode.c.h</string>
			<key>path</key>
			<string>AppDelegate.h</string>
			<key>sourceTree</key>
			<string>&lt;group&gt;</string>
		</dict>
		<key>A3711FC11979CDEB00328381</key>
		<dict>
			<key>isa</key>
			<string>PBXFileReference</string>
			<key>lastKnownFileType</key>
			<string>sourcecode.c.objc</string>
			<key>path</key>
			<string>AppDelegate.m</string>
			<key>sourceTree</key>
			<string>&lt;group&gt;</string>
		</dict>
		<key>A3711FC21979CDEB00328381</key>
		<dict>
			<key>fileRef</key>
			<string>A3711FC11979CDEB00328381</string>
			<key>isa</key>
			<string>PBXBuildFile</string>
		</dict>
		<key>A3711FC31979CDEB00328381</key>
		<dict>
			<key>children</key>
			<array>
				<string>A3711FC41979CDEB00328381</string>
			</array>
			<key>isa</key>
			<string>PBXVariantGroup</string>
			<key>name</key>
			<string>Main_iPhone.storyboard</string>
			<key>sourceTree</key>
			<string>&lt;group&gt;</string>
		</dict>
		<key>A3711FC41979CDEB00328381</key>
		<dict>
			<key>isa</key>
			<string>PBXFileReference</string>
			<key>lastKnownFileType</key>
			<string>file.storyboard</string>
			<key>name</key>
			<string>Base</string>
			<key>path</key>
			<string>Base.lproj/Main_iPhone.storyboard</string>
			<key>sourceTree</key>
			<string>&lt;group&gt;</string>
		</dict>
		<key>A3711FC51979CDEB00328381</key>
		<dict>
			<key>fileRef</key>
			<string>A3711FC31979CDEB00328381</string>
			<key>isa</key>
			<string>PBXBuildFile</string>
		</dict>
		<key>A3711FC61979CDEB00328381</key>
		<dict>
			<key>children</key>
			<array>
				<string>A3711FC71979CDEB00328381</string>
			</array>
			<key>isa</key>
			<string>PBXVariantGroup</string>
			<key>name</key>
			<string>Main_iPad.storyboard</string>
			<key>sourceTree</key>
			<string>&lt;group&gt;</string>
		</dict>
		<key>A3711FC71979CDEB00328381</key>
		<dict>
			<key>isa</key>
			<string>PBXFileReference</string>
			<key>lastKnownFileType</key>
			<string>file.storyboard</string>
			<key>name</key>
			<string>Base</string>
			<key>path</key>
			<string>Base.lproj/Main_iPad.storyboard</string>
			<key>sourceTree</key>
			<string>&lt;group&gt;</string>
		</dict>
		<key>A3711FC81979CDEB00328381</key>
		<dict>
			<key>fileRef</key>
			<string>A3711FC61979CDEB00328381</string>
			<key>isa</key>
			<string>PBXBuildFile</string>
		</dict>
		<key>A3711FC91979CDEB00328381</key>
		<dict>
			<key>isa</key>
			<string>PBXFileReference</string>
			<key>lastKnownFileType</key>
			<string>sourcecode.c.h</string>
			<key>path</key>
			<string>MasterViewController.h</string>
			<key>sourceTree</key>
			<string>&lt;group&gt;</string>
		</dict>
		<key>A3711FCA1979CDEB00328381</key>
		<dict>
			<key>isa</key>
			<string>PBXFileReference</string>
			<key>lastKnownFileType</key>
			<string>sourcecode.c.objc</string>
			<key>path</key>
			<string>MasterViewController.m</string>
			<key>sourceTree</key>
			<string>&lt;group&gt;</string>
		</dict>
		<key>A3711FCB1979CDEB00328381</key>
		<dict>
			<key>fileRef</key>
			<string>A3711FCA1979CDEB00328381</string>
			<key>isa</key>
			<string>PBXBuildFile</string>
		</dict>
		<key>A3711FCC1979CDEB00328381</key>
		<dict>
			<key>isa</key>
			<string>PBXFileReference</string>
			<key>lastKnownFileType</key>
			<string>sourcecode.c.h</string>
			<key>path</key>
			<string>DetailViewController.h</string>
			<key>sourceTree</key>
			<string>&lt;group&gt;</string>
		</dict>
		<key>A3711FCD1979CDEB00328381</key>
		<dict>
			<key>isa</key>
			<string>PBXFileReference</string>
			<key>lastKnownFileType</key>
			<string>sourcecode.c.objc</string>
			<key>path</key>
			<string>DetailViewController.m</string>
			<key>sourceTree</key>
			<string>&lt;group&gt;</string>
		</dict>
		<key>A3711FCE1979CDEB00328381</key>
		<dict>
			<key>fileRef</key>
			<string>A3711FCD1979CDEB00328381</string>
			<key>isa</key>
			<string>PBXBuildFile</string>
		</dict>
		<key>A3711FCF1979CDEB00328381</key>
		<dict>
			<key>isa</key>
			<string>PBXFileReference</string>
			<key>lastKnownFileType</key>
			<string>folder.assetcatalog</string>
			<key>path</key>
			<string>Images.xcassets</string>
			<key>sourceTree</key>
			<string>&lt;group&gt;</string>
		</dict>
		<key>A3711FD01979CDEB00328381</key>
		<dict>
			<key>fileRef</key>
			<string>A3711FCF1979CDEB00328381</string>
			<key>isa</key>
			<string>PBXBuildFile</string>
		</dict>
		<key>A3711FD11979CDEB00328381</key>
		<dict>
			<key>buildActionMask</key>
			<string>2147483647</string>
			<key>files</key>
			<array>
				<string>A3164CDC1AAF64C80004C546</string>
				<string>A3711FE31979CDEB00328381</string>
			</array>
			<key>isa</key>
			<string>PBXSourcesBuildPhase</string>
			<key>runOnlyForDeploymentPostprocessing</key>
			<string>0</string>
		</dict>
		<key>A3711FD21979CDEB00328381</key>
		<dict>
			<key>buildActionMask</key>
			<string>2147483647</string>
			<key>files</key>
			<array>
				<string>A3711FD71979CDEB00328381</string>
				<string>A3711FD91979CDEB00328381</string>
				<string>A3711FD81979CDEB00328381</string>
				<string>80B36D4CAE434D43EFD5EDAF</string>
			</array>
			<key>isa</key>
			<string>PBXFrameworksBuildPhase</string>
			<key>runOnlyForDeploymentPostprocessing</key>
			<string>0</string>
		</dict>
		<key>A3711FD31979CDEB00328381</key>
		<dict>
			<key>buildActionMask</key>
			<string>2147483647</string>
			<key>files</key>
			<array>
				<string>A3711FE11979CDEB00328381</string>
			</array>
			<key>isa</key>
			<string>PBXResourcesBuildPhase</string>
			<key>runOnlyForDeploymentPostprocessing</key>
			<string>0</string>
		</dict>
		<key>A3711FD41979CDEB00328381</key>
		<dict>
			<key>buildConfigurationList</key>
			<string>A3711FE91979CDEB00328381</string>
			<key>buildPhases</key>
			<array>
				<string>D71C650B08BF15DD064A0EB3</string>
				<string>A3711FD11979CDEB00328381</string>
				<string>A3711FD21979CDEB00328381</string>
				<string>A3711FD31979CDEB00328381</string>
				<string>0064DDF0B2574B2C53ECEBA8</string>
			</array>
			<key>buildRules</key>
			<array/>
			<key>dependencies</key>
			<array>
				<string>A3711FDB1979CDEB00328381</string>
			</array>
			<key>isa</key>
			<string>PBXNativeTarget</string>
			<key>name</key>
			<string>ScaryBugTests</string>
			<key>productName</key>
			<string>ScaryBugTests</string>
			<key>productReference</key>
			<string>A3711FD51979CDEB00328381</string>
			<key>productType</key>
			<string>com.apple.product-type.bundle.unit-test</string>
		</dict>
		<key>A3711FD51979CDEB00328381</key>
		<dict>
			<key>explicitFileType</key>
			<string>wrapper.cfbundle</string>
			<key>includeInIndex</key>
			<string>0</string>
			<key>isa</key>
			<string>PBXFileReference</string>
			<key>path</key>
			<string>ScaryBugTests.xctest</string>
			<key>sourceTree</key>
			<string>BUILT_PRODUCTS_DIR</string>
		</dict>
		<key>A3711FD61979CDEB00328381</key>
		<dict>
			<key>isa</key>
			<string>PBXFileReference</string>
			<key>lastKnownFileType</key>
			<string>wrapper.framework</string>
			<key>name</key>
			<string>XCTest.framework</string>
			<key>path</key>
			<string>Library/Frameworks/XCTest.framework</string>
			<key>sourceTree</key>
			<string>DEVELOPER_DIR</string>
		</dict>
		<key>A3711FD71979CDEB00328381</key>
		<dict>
			<key>fileRef</key>
			<string>A3711FD61979CDEB00328381</string>
			<key>isa</key>
			<string>PBXBuildFile</string>
		</dict>
		<key>A3711FD81979CDEB00328381</key>
		<dict>
			<key>fileRef</key>
			<string>A3711FB11979CDEB00328381</string>
			<key>isa</key>
			<string>PBXBuildFile</string>
		</dict>
		<key>A3711FD91979CDEB00328381</key>
		<dict>
			<key>fileRef</key>
			<string>A3711FB51979CDEB00328381</string>
			<key>isa</key>
			<string>PBXBuildFile</string>
		</dict>
		<key>A3711FDA1979CDEB00328381</key>
		<dict>
			<key>containerPortal</key>
			<string>A3711FA61979CDEB00328381</string>
			<key>isa</key>
			<string>PBXContainerItemProxy</string>
			<key>proxyType</key>
			<string>1</string>
			<key>remoteGlobalIDString</key>
			<string>A3711FAD1979CDEB00328381</string>
			<key>remoteInfo</key>
			<string>ScaryBug</string>
		</dict>
		<key>A3711FDB1979CDEB00328381</key>
		<dict>
			<key>isa</key>
			<string>PBXTargetDependency</string>
			<key>target</key>
			<string>A3711FAD1979CDEB00328381</string>
			<key>targetProxy</key>
			<string>A3711FDA1979CDEB00328381</string>
		</dict>
		<key>A3711FDC1979CDEB00328381</key>
		<dict>
			<key>children</key>
			<array>
				<string>A3164CDB1AAF63240004C546</string>
				<string>A3711FE21979CDEB00328381</string>
				<string>A3711FDD1979CDEB00328381</string>
			</array>
			<key>isa</key>
			<string>PBXGroup</string>
			<key>path</key>
			<string>ScaryBugTests</string>
			<key>sourceTree</key>
			<string>&lt;group&gt;</string>
		</dict>
		<key>A3711FDD1979CDEB00328381</key>
		<dict>
			<key>children</key>
			<array>
				<string>A3711FDE1979CDEB00328381</string>
				<string>A3711FDF1979CDEB00328381</string>
			</array>
			<key>isa</key>
			<string>PBXGroup</string>
			<key>name</key>
			<string>Supporting Files</string>
			<key>sourceTree</key>
			<string>&lt;group&gt;</string>
		</dict>
		<key>A3711FDE1979CDEB00328381</key>
		<dict>
			<key>isa</key>
			<string>PBXFileReference</string>
			<key>lastKnownFileType</key>
			<string>text.plist.xml</string>
			<key>path</key>
			<string>ScaryBugTests-Info.plist</string>
			<key>sourceTree</key>
			<string>&lt;group&gt;</string>
		</dict>
		<key>A3711FDF1979CDEB00328381</key>
		<dict>
			<key>children</key>
			<array>
				<string>A3711FE01979CDEB00328381</string>
			</array>
			<key>isa</key>
			<string>PBXVariantGroup</string>
			<key>name</key>
			<string>InfoPlist.strings</string>
			<key>sourceTree</key>
			<string>&lt;group&gt;</string>
		</dict>
		<key>A3711FE01979CDEB00328381</key>
		<dict>
			<key>isa</key>
			<string>PBXFileReference</string>
			<key>lastKnownFileType</key>
			<string>text.plist.strings</string>
			<key>name</key>
			<string>en</string>
			<key>path</key>
			<string>en.lproj/InfoPlist.strings</string>
			<key>sourceTree</key>
			<string>&lt;group&gt;</string>
		</dict>
		<key>A3711FE11979CDEB00328381</key>
		<dict>
			<key>fileRef</key>
			<string>A3711FDF1979CDEB00328381</string>
			<key>isa</key>
			<string>PBXBuildFile</string>
		</dict>
		<key>A3711FE21979CDEB00328381</key>
		<dict>
			<key>isa</key>
			<string>PBXFileReference</string>
			<key>lastKnownFileType</key>
			<string>sourcecode.c.objc</string>
			<key>path</key>
			<string>ScaryBugTests.m</string>
			<key>sourceTree</key>
			<string>&lt;group&gt;</string>
		</dict>
		<key>A3711FE31979CDEB00328381</key>
		<dict>
			<key>fileRef</key>
			<string>A3711FE21979CDEB00328381</string>
			<key>isa</key>
			<string>PBXBuildFile</string>
		</dict>
		<key>A3711FE41979CDEB00328381</key>
		<dict>
			<key>buildSettings</key>
			<dict>
				<key>ALWAYS_SEARCH_USER_PATHS</key>
				<string>NO</string>
				<key>CLANG_CXX_LANGUAGE_STANDARD</key>
				<string>gnu++0x</string>
				<key>CLANG_CXX_LIBRARY</key>
				<string>libc++</string>
				<key>CLANG_ENABLE_MODULES</key>
				<string>YES</string>
				<key>CLANG_ENABLE_OBJC_ARC</key>
				<string>YES</string>
				<key>CLANG_WARN_BOOL_CONVERSION</key>
				<string>YES</string>
				<key>CLANG_WARN_CONSTANT_CONVERSION</key>
				<string>YES</string>
				<key>CLANG_WARN_DIRECT_OBJC_ISA_USAGE</key>
				<string>YES_ERROR</string>
				<key>CLANG_WARN_EMPTY_BODY</key>
				<string>YES</string>
				<key>CLANG_WARN_ENUM_CONVERSION</key>
				<string>YES</string>
				<key>CLANG_WARN_INT_CONVERSION</key>
				<string>YES</string>
				<key>CLANG_WARN_OBJC_ROOT_CLASS</key>
				<string>YES_ERROR</string>
				<key>CLANG_WARN__DUPLICATE_METHOD_MATCH</key>
				<string>YES</string>
				<key>CODE_SIGN_IDENTITY[sdk=iphoneos*]</key>
				<string>iPhone Developer</string>
				<key>COPY_PHASE_STRIP</key>
				<string>NO</string>
				<key>GCC_C_LANGUAGE_STANDARD</key>
				<string>gnu99</string>
				<key>GCC_DYNAMIC_NO_PIC</key>
				<string>NO</string>
				<key>GCC_OPTIMIZATION_LEVEL</key>
				<string>0</string>
				<key>GCC_PREPROCESSOR_DEFINITIONS</key>
				<array>
					<string>DEBUG=1</string>
					<string>$(inherited)</string>
				</array>
				<key>GCC_SYMBOLS_PRIVATE_EXTERN</key>
				<string>NO</string>
				<key>GCC_WARN_64_TO_32_BIT_CONVERSION</key>
				<string>YES</string>
				<key>GCC_WARN_ABOUT_RETURN_TYPE</key>
				<string>YES_ERROR</string>
				<key>GCC_WARN_UNDECLARED_SELECTOR</key>
				<string>YES</string>
				<key>GCC_WARN_UNINITIALIZED_AUTOS</key>
				<string>YES_AGGRESSIVE</string>
				<key>GCC_WARN_UNUSED_FUNCTION</key>
				<string>YES</string>
				<key>GCC_WARN_UNUSED_VARIABLE</key>
				<string>YES</string>
				<key>IPHONEOS_DEPLOYMENT_TARGET</key>
				<string>7.1</string>
				<key>ONLY_ACTIVE_ARCH</key>
				<string>YES</string>
				<key>SDKROOT</key>
				<string>iphoneos</string>
				<key>TARGETED_DEVICE_FAMILY</key>
				<string>1,2</string>
			</dict>
			<key>isa</key>
			<string>XCBuildConfiguration</string>
			<key>name</key>
			<string>Debug</string>
		</dict>
		<key>A3711FE51979CDEB00328381</key>
		<dict>
			<key>buildSettings</key>
			<dict>
				<key>ALWAYS_SEARCH_USER_PATHS</key>
				<string>NO</string>
				<key>CLANG_CXX_LANGUAGE_STANDARD</key>
				<string>gnu++0x</string>
				<key>CLANG_CXX_LIBRARY</key>
				<string>libc++</string>
				<key>CLANG_ENABLE_MODULES</key>
				<string>YES</string>
				<key>CLANG_ENABLE_OBJC_ARC</key>
				<string>YES</string>
				<key>CLANG_WARN_BOOL_CONVERSION</key>
				<string>YES</string>
				<key>CLANG_WARN_CONSTANT_CONVERSION</key>
				<string>YES</string>
				<key>CLANG_WARN_DIRECT_OBJC_ISA_USAGE</key>
				<string>YES_ERROR</string>
				<key>CLANG_WARN_EMPTY_BODY</key>
				<string>YES</string>
				<key>CLANG_WARN_ENUM_CONVERSION</key>
				<string>YES</string>
				<key>CLANG_WARN_INT_CONVERSION</key>
				<string>YES</string>
				<key>CLANG_WARN_OBJC_ROOT_CLASS</key>
				<string>YES_ERROR</string>
				<key>CLANG_WARN__DUPLICATE_METHOD_MATCH</key>
				<string>YES</string>
				<key>CODE_SIGN_IDENTITY[sdk=iphoneos*]</key>
				<string>iPhone Developer</string>
				<key>COPY_PHASE_STRIP</key>
				<string>YES</string>
				<key>ENABLE_NS_ASSERTIONS</key>
				<string>NO</string>
				<key>GCC_C_LANGUAGE_STANDARD</key>
				<string>gnu99</string>
				<key>GCC_WARN_64_TO_32_BIT_CONVERSION</key>
				<string>YES</string>
				<key>GCC_WARN_ABOUT_RETURN_TYPE</key>
				<string>YES_ERROR</string>
				<key>GCC_WARN_UNDECLARED_SELECTOR</key>
				<string>YES</string>
				<key>GCC_WARN_UNINITIALIZED_AUTOS</key>
				<string>YES_AGGRESSIVE</string>
				<key>GCC_WARN_UNUSED_FUNCTION</key>
				<string>YES</string>
				<key>GCC_WARN_UNUSED_VARIABLE</key>
				<string>YES</string>
				<key>IPHONEOS_DEPLOYMENT_TARGET</key>
				<string>7.1</string>
				<key>SDKROOT</key>
				<string>iphoneos</string>
				<key>TARGETED_DEVICE_FAMILY</key>
				<string>1,2</string>
				<key>VALIDATE_PRODUCT</key>
				<string>YES</string>
			</dict>
			<key>isa</key>
			<string>XCBuildConfiguration</string>
			<key>name</key>
			<string>Release</string>
		</dict>
		<key>A3711FE61979CDEB00328381</key>
		<dict>
			<key>buildConfigurations</key>
			<array>
				<string>A3711FE71979CDEB00328381</string>
				<string>A3711FE81979CDEB00328381</string>
			</array>
			<key>defaultConfigurationIsVisible</key>
			<string>0</string>
			<key>defaultConfigurationName</key>
			<string>Release</string>
			<key>isa</key>
			<string>XCConfigurationList</string>
		</dict>
		<key>A3711FE71979CDEB00328381</key>
		<dict>
			<key>baseConfigurationReference</key>
			<string>DAF54D6C6A0ABDC16A7238A5</string>
			<key>buildSettings</key>
			<dict>
				<key>ASSETCATALOG_COMPILER_APPICON_NAME</key>
				<string>AppIcon</string>
				<key>ASSETCATALOG_COMPILER_LAUNCHIMAGE_NAME</key>
				<string>LaunchImage</string>
				<key>GCC_PRECOMPILE_PREFIX_HEADER</key>
				<string>YES</string>
				<key>GCC_PREFIX_HEADER</key>
				<string>ScaryBug/ScaryBug-Prefix.pch</string>
				<key>INFOPLIST_FILE</key>
				<string>ScaryBug/ScaryBug-Info.plist</string>
				<key>PRODUCT_NAME</key>
				<string>$(TARGET_NAME)</string>
				<key>WRAPPER_EXTENSION</key>
				<string>app</string>
			</dict>
			<key>isa</key>
			<string>XCBuildConfiguration</string>
			<key>name</key>
			<string>Debug</string>
		</dict>
		<key>A3711FE81979CDEB00328381</key>
		<dict>
			<key>baseConfigurationReference</key>
			<string>B3EBB8579C528260662257DF</string>
			<key>buildSettings</key>
			<dict>
				<key>ASSETCATALOG_COMPILER_APPICON_NAME</key>
				<string>AppIcon</string>
				<key>ASSETCATALOG_COMPILER_LAUNCHIMAGE_NAME</key>
				<string>LaunchImage</string>
				<key>GCC_PRECOMPILE_PREFIX_HEADER</key>
				<string>YES</string>
				<key>GCC_PREFIX_HEADER</key>
				<string>ScaryBug/ScaryBug-Prefix.pch</string>
				<key>INFOPLIST_FILE</key>
				<string>ScaryBug/ScaryBug-Info.plist</string>
				<key>PRODUCT_NAME</key>
				<string>$(TARGET_NAME)</string>
				<key>WRAPPER_EXTENSION</key>
				<string>app</string>
			</dict>
			<key>isa</key>
			<string>XCBuildConfiguration</string>
			<key>name</key>
			<string>Release</string>
		</dict>
		<key>A3711FE91979CDEB00328381</key>
		<dict>
			<key>buildConfigurations</key>
			<array>
				<string>A3711FEA1979CDEB00328381</string>
				<string>A3711FEB1979CDEB00328381</string>
			</array>
			<key>defaultConfigurationIsVisible</key>
			<string>0</string>
			<key>defaultConfigurationName</key>
			<string>Release</string>
			<key>isa</key>
			<string>XCConfigurationList</string>
		</dict>
		<key>A3711FEA1979CDEB00328381</key>
		<dict>
			<key>baseConfigurationReference</key>
			<string>DAF54D6C6A0ABDC16A7238A5</string>
			<key>buildSettings</key>
			<dict>
				<key>BUNDLE_LOADER</key>
				<string>$(BUILT_PRODUCTS_DIR)/ScaryBug.app/ScaryBug</string>
				<key>FRAMEWORK_SEARCH_PATHS</key>
				<array>
					<string>$(SDKROOT)/Developer/Library/Frameworks</string>
					<string>$(inherited)</string>
					<string>$(DEVELOPER_FRAMEWORKS_DIR)</string>
					<string>$(PLATFORM_DIR)/Developer/Library/Frameworks</string>
				</array>
				<key>GCC_PRECOMPILE_PREFIX_HEADER</key>
				<string>YES</string>
				<key>GCC_PREFIX_HEADER</key>
				<string>ScaryBug/ScaryBug-Prefix.pch</string>
				<key>GCC_PREPROCESSOR_DEFINITIONS</key>
				<array>
					<string>DEBUG=1</string>
					<string>$(inherited)</string>
				</array>
				<key>HEADER_SEARCH_PATHS</key>
				<array>
					<string>$(inherited)</string>
					<string>/Applications/Xcode5.1.1/Xcode.app/Contents/Developer/Toolchains/XcodeDefault.xctoolchain/usr/include</string>
					<string>"${PODS_ROOT}/Headers/Public/KIF"</string>
					<string>"${PODS_ROOT}/Headers/Public"</string>
				</array>
				<key>INFOPLIST_FILE</key>
				<string>ScaryBugTests/ScaryBugTests-Info.plist</string>
				<key>PRODUCT_NAME</key>
				<string>$(TARGET_NAME)</string>
				<key>TEST_HOST</key>
				<string>$(BUNDLE_LOADER)</string>
				<key>WRAPPER_EXTENSION</key>
				<string>xctest</string>
			</dict>
			<key>isa</key>
			<string>XCBuildConfiguration</string>
			<key>name</key>
			<string>Debug</string>
		</dict>
		<key>A3711FEB1979CDEB00328381</key>
		<dict>
			<key>baseConfigurationReference</key>
			<string>B3EBB8579C528260662257DF</string>
			<key>buildSettings</key>
			<dict>
				<key>BUNDLE_LOADER</key>
				<string>$(BUILT_PRODUCTS_DIR)/ScaryBug.app/ScaryBug</string>
				<key>FRAMEWORK_SEARCH_PATHS</key>
				<array>
					<string>$(SDKROOT)/Developer/Library/Frameworks</string>
					<string>$(inherited)</string>
					<string>$(DEVELOPER_FRAMEWORKS_DIR)</string>
					<string>$(PLATFORM_DIR)/Developer/Library/Frameworks</string>
				</array>
				<key>FRAMEWORK_SEARCH_PATHS[arch=*]</key>
				<array>
					<string>$(SDKROOT)/Developer/Library/Frameworks</string>
					<string>$(inherited)</string>
					<string>$(DEVELOPER_FRAMEWORKS_DIR)</string>
				</array>
				<key>GCC_PRECOMPILE_PREFIX_HEADER</key>
				<string>YES</string>
				<key>GCC_PREFIX_HEADER</key>
				<string>ScaryBug/ScaryBug-Prefix.pch</string>
				<key>HEADER_SEARCH_PATHS</key>
				<array>
					<string>$(inherited)</string>
					<string>/Applications/Xcode5.1.1/Xcode.app/Contents/Developer/Toolchains/XcodeDefault.xctoolchain/usr/include</string>
					<string>"${PODS_ROOT}/Headers/Public/KIF"</string>
					<string>"${PODS_ROOT}/Headers/Public"</string>
				</array>
				<key>INFOPLIST_FILE</key>
				<string>ScaryBugTests/ScaryBugTests-Info.plist</string>
				<key>PRODUCT_NAME</key>
				<string>$(TARGET_NAME)</string>
				<key>TEST_HOST</key>
				<string>$(BUNDLE_LOADER)</string>
				<key>WRAPPER_EXTENSION</key>
				<string>xctest</string>
			</dict>
			<key>isa</key>
			<string>XCBuildConfiguration</string>
			<key>name</key>
			<string>Release</string>
		</dict>
		<key>A3711FEC1979CFD300328381</key>
		<dict>
			<key>children</key>
			<array>
				<string>A3711FC01979CDEB00328381</string>
				<string>A3711FC11979CDEB00328381</string>
				<string>A3711FC31979CDEB00328381</string>
				<string>A3711FC61979CDEB00328381</string>
				<string>A3711FC91979CDEB00328381</string>
				<string>A3711FCA1979CDEB00328381</string>
				<string>A3711FCC1979CDEB00328381</string>
				<string>A3711FCD1979CDEB00328381</string>
			</array>
			<key>isa</key>
			<string>PBXGroup</string>
			<key>name</key>
			<string>App</string>
			<key>sourceTree</key>
			<string>&lt;group&gt;</string>
		</dict>
		<key>A3711FED1979D19C00328381</key>
		<dict>
			<key>children</key>
			<array>
				<string>A3711FEE1979D1F600328381</string>
				<string>A3711FEF1979D1F600328381</string>
				<string>A3711FF11979D3A000328381</string>
				<string>A3711FF21979D3A000328381</string>
			</array>
			<key>isa</key>
			<string>PBXGroup</string>
			<key>name</key>
			<string>Model</string>
			<key>sourceTree</key>
			<string>&lt;group&gt;</string>
		</dict>
		<key>A3711FEE1979D1F600328381</key>
		<dict>
			<key>fileEncoding</key>
			<string>4</string>
			<key>isa</key>
			<string>PBXFileReference</string>
			<key>lastKnownFileType</key>
			<string>sourcecode.c.h</string>
			<key>path</key>
			<string>ScaryBugData.h</string>
			<key>sourceTree</key>
			<string>&lt;group&gt;</string>
		</dict>
		<key>A3711FEF1979D1F600328381</key>
		<dict>
			<key>fileEncoding</key>
			<string>4</string>
			<key>isa</key>
			<string>PBXFileReference</string>
			<key>lastKnownFileType</key>
			<string>sourcecode.c.objc</string>
			<key>path</key>
			<string>ScaryBugData.m</string>
			<key>sourceTree</key>
			<string>&lt;group&gt;</string>
		</dict>
		<key>A3711FF01979D1F600328381</key>
		<dict>
			<key>fileRef</key>
			<string>A3711FEF1979D1F600328381</string>
			<key>isa</key>
			<string>PBXBuildFile</string>
		</dict>
		<key>A3711FF11979D3A000328381</key>
		<dict>
			<key>fileEncoding</key>
			<string>4</string>
			<key>isa</key>
			<string>PBXFileReference</string>
			<key>lastKnownFileType</key>
			<string>sourcecode.c.h</string>
			<key>path</key>
			<string>ScaryBugDoc.h</string>
			<key>sourceTree</key>
			<string>&lt;group&gt;</string>
		</dict>
		<key>A3711FF21979D3A000328381</key>
		<dict>
			<key>fileEncoding</key>
			<string>4</string>
			<key>isa</key>
			<string>PBXFileReference</string>
			<key>lastKnownFileType</key>
			<string>sourcecode.c.objc</string>
			<key>path</key>
			<string>ScaryBugDoc.m</string>
			<key>sourceTree</key>
			<string>&lt;group&gt;</string>
		</dict>
		<key>A3711FF31979D3A000328381</key>
		<dict>
			<key>fileRef</key>
			<string>A3711FF21979D3A000328381</string>
			<key>isa</key>
			<string>PBXBuildFile</string>
		</dict>
		<key>A3711FF4197C678500328381</key>
		<dict>
			<key>children</key>
			<array>
				<string>A3711FF5197C678500328381</string>
				<string>A3711FF6197C678500328381</string>
				<string>A3711FF7197C678500328381</string>
				<string>A3711FF8197C678500328381</string>
				<string>A3711FF9197C678500328381</string>
				<string>A3711FFA197C678500328381</string>
				<string>A3711FFB197C678500328381</string>
				<string>A3711FFC197C678500328381</string>
				<string>A3711FFD197C678500328381</string>
			</array>
			<key>isa</key>
			<string>PBXGroup</string>
			<key>path</key>
			<string>ScaryBugs</string>
			<key>sourceTree</key>
			<string>&lt;group&gt;</string>
		</dict>
		<key>A3711FF5197C678500328381</key>
		<dict>
			<key>fileEncoding</key>
			<string>4</string>
			<key>isa</key>
			<string>PBXFileReference</string>
			<key>lastKnownFileType</key>
			<string>text</string>
			<key>path</key>
			<string>attribution.txt</string>
			<key>sourceTree</key>
			<string>&lt;group&gt;</string>
		</dict>
		<key>A3711FF6197C678500328381</key>
		<dict>
			<key>isa</key>
			<string>PBXFileReference</string>
			<key>lastKnownFileType</key>
			<string>image.jpeg</string>
			<key>path</key>
			<string>centipede.jpg</string>
			<key>sourceTree</key>
			<string>&lt;group&gt;</string>
		</dict>
		<key>A3711FF7197C678500328381</key>
		<dict>
			<key>isa</key>
			<string>PBXFileReference</string>
			<key>lastKnownFileType</key>
			<string>image.jpeg</string>
			<key>path</key>
			<string>centipedeThumb.jpg</string>
			<key>sourceTree</key>
			<string>&lt;group&gt;</string>
		</dict>
		<key>A3711FF8197C678500328381</key>
		<dict>
			<key>isa</key>
			<string>PBXFileReference</string>
			<key>lastKnownFileType</key>
			<string>image.jpeg</string>
			<key>path</key>
			<string>ladybug.jpg</string>
			<key>sourceTree</key>
			<string>&lt;group&gt;</string>
		</dict>
		<key>A3711FF9197C678500328381</key>
		<dict>
			<key>isa</key>
			<string>PBXFileReference</string>
			<key>lastKnownFileType</key>
			<string>image.jpeg</string>
			<key>path</key>
			<string>ladybugThumb.jpg</string>
			<key>sourceTree</key>
			<string>&lt;group&gt;</string>
		</dict>
		<key>A3711FFA197C678500328381</key>
		<dict>
			<key>isa</key>
			<string>PBXFileReference</string>
			<key>lastKnownFileType</key>
			<string>image.jpeg</string>
			<key>path</key>
			<string>potatoBug.jpg</string>
			<key>sourceTree</key>
			<string>&lt;group&gt;</string>
		</dict>
		<key>A3711FFB197C678500328381</key>
		<dict>
			<key>isa</key>
			<string>PBXFileReference</string>
			<key>lastKnownFileType</key>
			<string>image.jpeg</string>
			<key>path</key>
			<string>potatoBugThumb.jpg</string>
			<key>sourceTree</key>
			<string>&lt;group&gt;</string>
		</dict>
		<key>A3711FFC197C678500328381</key>
		<dict>
			<key>isa</key>
			<string>PBXFileReference</string>
			<key>lastKnownFileType</key>
			<string>image.jpeg</string>
			<key>path</key>
			<string>wolfSpider.jpg</string>
			<key>sourceTree</key>
			<string>&lt;group&gt;</string>
		</dict>
		<key>A3711FFD197C678500328381</key>
		<dict>
			<key>isa</key>
			<string>PBXFileReference</string>
			<key>lastKnownFileType</key>
			<string>image.jpeg</string>
			<key>path</key>
			<string>wolfSpiderThumb.jpg</string>
			<key>sourceTree</key>
			<string>&lt;group&gt;</string>
		</dict>
		<key>A3711FFE197C678500328381</key>
		<dict>
			<key>fileRef</key>
			<string>A3711FF5197C678500328381</string>
			<key>isa</key>
			<string>PBXBuildFile</string>
		</dict>
		<key>A3711FFF197C678500328381</key>
		<dict>
			<key>fileRef</key>
			<string>A3711FF6197C678500328381</string>
			<key>isa</key>
			<string>PBXBuildFile</string>
		</dict>
		<key>A3712000197C678500328381</key>
		<dict>
			<key>fileRef</key>
			<string>A3711FF7197C678500328381</string>
			<key>isa</key>
			<string>PBXBuildFile</string>
		</dict>
		<key>A3712001197C678500328381</key>
		<dict>
			<key>fileRef</key>
			<string>A3711FF8197C678500328381</string>
			<key>isa</key>
			<string>PBXBuildFile</string>
		</dict>
		<key>A3712002197C678500328381</key>
		<dict>
			<key>fileRef</key>
			<string>A3711FF9197C678500328381</string>
			<key>isa</key>
			<string>PBXBuildFile</string>
		</dict>
		<key>A3712003197C678500328381</key>
		<dict>
			<key>fileRef</key>
			<string>A3711FFA197C678500328381</string>
			<key>isa</key>
			<string>PBXBuildFile</string>
		</dict>
		<key>A3712004197C678500328381</key>
		<dict>
			<key>fileRef</key>
			<string>A3711FFB197C678500328381</string>
			<key>isa</key>
			<string>PBXBuildFile</string>
		</dict>
		<key>A3712005197C678500328381</key>
		<dict>
			<key>fileRef</key>
			<string>A3711FFC197C678500328381</string>
			<key>isa</key>
			<string>PBXBuildFile</string>
		</dict>
		<key>A3712006197C678500328381</key>
		<dict>
			<key>fileRef</key>
			<string>A3711FFD197C678500328381</string>
			<key>isa</key>
			<string>PBXBuildFile</string>
		</dict>
		<key>A3712007197D81FB00328381</key>
		<dict>
			<key>children</key>
			<array>
				<string>A3712008197D821100328381</string>
				<string>A3712009197D821100328381</string>
			</array>
			<key>isa</key>
			<string>PBXGroup</string>
			<key>name</key>
			<string>Views</string>
			<key>sourceTree</key>
			<string>&lt;group&gt;</string>
		</dict>
		<key>A3712008197D821100328381</key>
		<dict>
			<key>fileEncoding</key>
			<string>4</string>
			<key>isa</key>
			<string>PBXFileReference</string>
			<key>lastKnownFileType</key>
			<string>sourcecode.c.h</string>
			<key>path</key>
			<string>RateView.h</string>
			<key>sourceTree</key>
			<string>&lt;group&gt;</string>
		</dict>
		<key>A3712009197D821100328381</key>
		<dict>
			<key>fileEncoding</key>
			<string>4</string>
			<key>isa</key>
			<string>PBXFileReference</string>
			<key>lastKnownFileType</key>
			<string>sourcecode.c.objc</string>
			<key>path</key>
			<string>RateView.m</string>
			<key>sourceTree</key>
			<string>&lt;group&gt;</string>
		</dict>
		<key>A371200A197D821100328381</key>
		<dict>
			<key>fileRef</key>
			<string>A3712009197D821100328381</string>
			<key>isa</key>
			<string>PBXBuildFile</string>
		</dict>
		<key>A371200B197D822400328381</key>
		<dict>
			<key>children</key>
			<array>
				<string>A371200C197D823A00328381</string>
				<string>A371200D197D823A00328381</string>
			</array>
			<key>isa</key>
			<string>PBXGroup</string>
			<key>name</key>
			<string>Helpers</string>
			<key>sourceTree</key>
			<string>&lt;group&gt;</string>
		</dict>
		<key>A371200C197D823A00328381</key>
		<dict>
			<key>fileEncoding</key>
			<string>4</string>
			<key>isa</key>
			<string>PBXFileReference</string>
			<key>lastKnownFileType</key>
			<string>sourcecode.c.objc</string>
			<key>path</key>
			<string>UIImageExtras.m</string>
			<key>sourceTree</key>
			<string>&lt;group&gt;</string>
		</dict>
		<key>A371200D197D823A00328381</key>
		<dict>
			<key>fileEncoding</key>
			<string>4</string>
			<key>isa</key>
			<string>PBXFileReference</string>
			<key>lastKnownFileType</key>
			<string>sourcecode.c.h</string>
			<key>path</key>
			<string>UIImageExtras.h</string>
			<key>sourceTree</key>
			<string>&lt;group&gt;</string>
		</dict>
		<key>A371200E197D823A00328381</key>
		<dict>
			<key>fileRef</key>
			<string>A371200C197D823A00328381</string>
			<key>isa</key>
			<string>PBXBuildFile</string>
		</dict>
		<key>A371200F197D825600328381</key>
		<dict>
			<key>children</key>
			<array>
				<string>A3712016197D827600328381</string>
				<string>A3712010197D826000328381</string>
				<string>A3712011197D826000328381</string>
				<string>A3712012197D826000328381</string>
			</array>
			<key>isa</key>
			<string>PBXGroup</string>
			<key>name</key>
			<string>Art</string>
			<key>sourceTree</key>
			<string>&lt;group&gt;</string>
		</dict>
		<key>A3712010197D826000328381</key>
		<dict>
			<key>isa</key>
			<string>PBXFileReference</string>
			<key>lastKnownFileType</key>
			<string>image.png</string>
			<key>path</key>
			<string>shockedface2_empty.png</string>
			<key>sourceTree</key>
			<string>&lt;group&gt;</string>
		</dict>
		<key>A3712011197D826000328381</key>
		<dict>
			<key>isa</key>
			<string>PBXFileReference</string>
			<key>lastKnownFileType</key>
			<string>image.png</string>
			<key>path</key>
			<string>shockedface2_full.png</string>
			<key>sourceTree</key>
			<string>&lt;group&gt;</string>
		</dict>
		<key>A3712012197D826000328381</key>
		<dict>
			<key>isa</key>
			<string>PBXFileReference</string>
			<key>lastKnownFileType</key>
			<string>image.png</string>
			<key>path</key>
			<string>shockedface2_half.png</string>
			<key>sourceTree</key>
			<string>&lt;group&gt;</string>
		</dict>
		<key>A3712013197D826000328381</key>
		<dict>
			<key>fileRef</key>
			<string>A3712010197D826000328381</string>
			<key>isa</key>
			<string>PBXBuildFile</string>
		</dict>
		<key>A3712014197D826000328381</key>
		<dict>
			<key>fileRef</key>
			<string>A3712011197D826000328381</string>
			<key>isa</key>
			<string>PBXBuildFile</string>
		</dict>
		<key>A3712015197D826000328381</key>
		<dict>
			<key>fileRef</key>
			<string>A3712012197D826000328381</string>
			<key>isa</key>
			<string>PBXBuildFile</string>
		</dict>
		<key>A3712016197D827600328381</key>
		<dict>
			<key>isa</key>
			<string>PBXFileReference</string>
			<key>lastKnownFileType</key>
			<string>image.png</string>
			<key>path</key>
			<string>logo1.png</string>
			<key>sourceTree</key>
			<string>&lt;group&gt;</string>
		</dict>
		<key>A3712017197D827600328381</key>
		<dict>
			<key>fileRef</key>
			<string>A3712016197D827600328381</string>
			<key>isa</key>
			<string>PBXBuildFile</string>
		</dict>
		<key>B3EBB8579C528260662257DF</key>
		<dict>
			<key>includeInIndex</key>
			<string>1</string>
			<key>isa</key>
			<string>PBXFileReference</string>
			<key>lastKnownFileType</key>
			<string>text.xcconfig</string>
			<key>name</key>
			<string>Pods.release.xcconfig</string>
			<key>path</key>
			<string>Pods/Target Support Files/Pods/Pods.release.xcconfig</string>
			<key>sourceTree</key>
			<string>&lt;group&gt;</string>
		</dict>
		<key>D71C650B08BF15DD064A0EB3</key>
		<dict>
			<key>buildActionMask</key>
			<string>2147483647</string>
			<key>files</key>
			<array/>
			<key>inputPaths</key>
			<array/>
			<key>isa</key>
			<string>PBXShellScriptBuildPhase</string>
			<key>name</key>
			<string>Check Pods Manifest.lock</string>
			<key>outputPaths</key>
			<array/>
			<key>runOnlyForDeploymentPostprocessing</key>
			<string>0</string>
			<key>shellPath</key>
			<string>/bin/sh</string>
			<key>shellScript</key>
			<string>diff "${PODS_ROOT}/../Podfile.lock" "${PODS_ROOT}/Manifest.lock" &gt; /dev/null
if [[ $? != 0 ]] ; then
    cat &lt;&lt; EOM
error: The sandbox is not in sync with the Podfile.lock. Run 'pod install' or update your CocoaPods installation.
EOM
    exit 1
fi
</string>
			<key>showEnvVarsInLog</key>
			<string>0</string>
		</dict>
		<key>DAF54D6C6A0ABDC16A7238A5</key>
		<dict>
			<key>includeInIndex</key>
			<string>1</string>
			<key>isa</key>
			<string>PBXFileReference</string>
			<key>lastKnownFileType</key>
			<string>text.xcconfig</string>
			<key>name</key>
			<string>Pods.debug.xcconfig</string>
			<key>path</key>
			<string>Pods/Target Support Files/Pods/Pods.debug.xcconfig</string>
			<key>sourceTree</key>
			<string>&lt;group&gt;</string>
		</dict>
		<key>E03ACA5C02C472B13F3C63D6</key>
		<dict>
			<key>children</key>
			<array>
				<string>DAF54D6C6A0ABDC16A7238A5</string>
				<string>B3EBB8579C528260662257DF</string>
			</array>
			<key>isa</key>
			<string>PBXGroup</string>
			<key>name</key>
			<string>Pods</string>
			<key>sourceTree</key>
			<string>&lt;group&gt;</string>
		</dict>
	</dict>
	<key>rootObject</key>
	<string>A3711FA61979CDEB00328381</string>
</dict>
</plist>
